github.com/go-faker/faker/v4 v4.1.0 h1:ffuWmpDrducIUOO0QSKSF5Q2dxAht+dhsT9FvVHhPEI=
github.com/go-faker/faker/v4 v4.1.0/go.mod h1:uuNc0PSRxF8nMgjGrrrU4Nw5cF30Jc6Kd0/FUTTYbhg=
github.com/google/uuid v1.3.0 h1:t6JiXgmwXMjEs8VusXIJk2BXHsn+wx8BZdTaoZ5fu7I=
github.com/google/uuid v1.3.0/go.mod h1:TIyPZe4MgqvfeYDBFedMoGGpEw/LqOeaOT+nhxU+yHo=
github.com/jaswdr/faker v1.16.0 h1:5ZjusQbqIZwJnUymPirNKJI1yFCuozdSR9oeYPgD5Uk=
github.com/jaswdr/faker v1.16.0/go.mod h1:x7ZlyB1AZqwqKZgyQlnqEG8FDptmHlncA5u2zY/yi6w=
golang.org/x/text v0.8.0 h1:57P1ETyNKtuIjB4SRd15iJxuhj8Gc416Y78H3qgMh68=
golang.org/x/text v0.8.0/go.mod h1:e1OnstbJyHTd6l/uOt8jFFHp6TRDWZR/bV3emEE/zU8=
